
Microsoft Visual Studio Solution File, Format Version 10.00
# Visual Studio 2008
Project("{FAE04EC0-301F-11D3-BF4B-00C04F79EFBC}") = "ExpressCheckoutFreteFacil", "ExpressCheckoutFreteFacil\ExpressCheckoutFreteFacil.csproj", "{F75D01F1-E678-4E15-B4FC-C5D1D8143416}"
EndProject
Global
	GlobalSection(SolutionConfigurationPlatforms) = preSolution
		Debug|Any CPU = Debug|Any CPU
		Release|Any CPU = Release|Any CPU
	EndGlobalSection
	GlobalSection(ProjectConfigurationPlatforms) = postSolution
		{F75D01F1-E678-4E15-B4FC-C5D1D8143416}.Debug|Any CPU.ActiveCfg = Debug|Any CPU
		{F75D01F1-E678-4E15-B4FC-C5D1D8143416}.Debug|Any CPU.Build.0 = Debug|Any CPU
		{F75D01F1-E678-4E15-B4FC-C5D1D8143416}.Release|Any CPU.ActiveCfg = Release|Any CPU
		{F75D01F1-E678-4E15-B4FC-C5D1D8143416}.Release|Any CPU.Build.0 = Release|Any CPU
	EndGlobalSection
	GlobalSection(MonoDevelopProperties) = preSolution
		StartupItem = ExpressCheckoutFreteFacil\ExpressCheckoutFreteFacil.csproj
	EndGlobalSection
EndGlobal
